github.com/billcoding/calls v0.0.0-20201221013021-2a8a0fd0a632 h1:wgetY46Oh3Jq6iZ0CXRI52RSw9JPvGr80/SbdbyJMBE=
github.com/billcoding/calls v0.0.0-20201221013021-2a8a0fd0a632/go.mod h1:6ValEbx4tcCN9gkmvPyOHdCz1Cs8uju/RFkb/Sxbg9o=
github.com/billcoding/reflectx v0.0.0-20201222040200-28873e79f434 h1:ZohTV9OTS6MhyD3OYVdWpaTFq6/0E8ukRE+reSGHZR4=
github.com/billcoding/reflectx v0.0.0-20201222040200-28873e79f434/go.mod h1:Okk8SwEN5BDTmaorb1vLDjYD5G8kKlJ+el0Snd0RQgk=
